{
  "name": "bip_project",
  "lockfileVersion": 3,
  "requires": true,
  "packages": {
    "": {
      "dependencies": {
        "dadata-suggestions": "^1.1.1"
      }
    },
    "node_modules/dadata-suggestions": {
      "version": "1.1.1",
      "resolved": "https://registry.npmjs.org/dadata-suggestions/-/dadata-suggestions-1.1.1.tgz",
      "integrity": "sha512-B4yshgv7W71bCdLNKf1YXWdf2biKEt2P0rkIhpaLztB++LR3Ek7xkb28Mn4TJ8AldDyYMs+ZPx+bBqzn61smRw=="
    }
  }
}
